<?xml version="1.0" encoding="utf-8"?>
<Project ToolsVersion="4.0" xmlns="http://schemas.microsoft.com/developer/msbuild/2003">
  <ItemGroup>
    <ClInclude Include="resource.h" />
    <ClInclude Include="..\..\btrieve\TestBase.h" />
  </ItemGroup>
  <ItemGroup>
    <ResourceCompile Include="tests.rc" />
  </ItemGroup>
  <ItemGroup>
    <CopyFileToFolders Include="..\..\assets\MBBSEMU.DAT" />
    <CopyFileToFolders Include="..\..\assets\MBBSEMU.DB" />
    <CopyFileToFolders Include="..\..\assets\VARIABLE.DAT" />
    <CopyFileToFolders Include="..\..\assets\WGSMENU2.DAT" />
  </ItemGroup>
  <ItemGroup>
    <ClCompile Include="..\wbtrv32\wbtrv32_test.cc" />
    <ClCompile Include="..\..\btrieve\BtrieveDatabase_test.cc" />
    <ClCompile Include="..\..\btrieve\BtrieveDriver_test.cc" />
    <ClCompile Include="..\..\btrieve\Key_test.cc" />
    <ClCompile Include="..\..\btrieve\LRUCache_test.cc" />
    <ClCompile Include="..\..\btrieve\TestBase.cc" />
  </ItemGroup>
  <ItemGroup>
    <None Include="packages.config" />
  </ItemGroup>
</Project>