
Microsoft Visual Studio Solution File, Format Version 12.00
# Visual Studio Version 17
VisualStudioVersion = 17.9.34902.65
MinimumVisualStudioVersion = 10.0.40219.1
Project("{8BC9CEB8-8B4A-11D0-8D11-00A0C91BC942}") = "sqlite", "vstudio.vcxproj", "{FC2531E2-DB2E-41CD-AEB1-A2993BED3E65}"
EndProject
Project("{8BC9CEB8-8B4A-11D0-8D11-00A0C91BC942}") = "btrieve_driver", "btrieve_driver\btrieve_driver.vcxproj", "{736D0BFB-3986-4F04-AEDE-37D21DC6AB56}"
	ProjectSection(ProjectDependencies) = postProject
		{FC2531E2-DB2E-41CD-AEB1-A2993BED3E65} = {FC2531E2-DB2E-41CD-AEB1-A2993BED3E65}
	EndProjectSection
EndProject
Project("{8BC9CEB8-8B4A-11D0-8D11-00A0C91BC942}") = "wbtrv32", "wbtrv32\wbtrv32.vcxproj", "{32C45125-12FF-42A5-A516-75520AEACB15}"
EndProject
Project("{8BC9CEB8-8B4A-11D0-8D11-00A0C91BC942}") = "tests", "tests\tests.vcxproj", "{4B05B3F4-97E6-47CB-8FD4-CC8E08E70C28}"
EndProject
Project("{8BC9CEB8-8B4A-11D0-8D11-00A0C91BC942}") = "shim", "shim\shim.vcxproj", "{9C4CFF5A-03A9-488C-BA4E-0E0AFC5A75A1}"
EndProject
Project("{FAE04EC0-301F-11D3-BF4B-00C04F79EFBC}") = "NetApp", "..\NetApp\NetApp.csproj", "{E7635623-AB70-4BC3-9C4D-5B7D10EF67E6}"
EndProject
Global
	GlobalSection(SolutionConfigurationPlatforms) = preSolution
		Debug|Any CPU = Debug|Any CPU
		Debug|x64 = Debug|x64
		Debug|x86 = Debug|x86
		Release|Any CPU = Release|Any CPU
		Release|x64 = Release|x64
		Release|x86 = Release|x86
	EndGlobalSection
	GlobalSection(ProjectConfigurationPlatforms) = postSolution
		{FC2531E2-DB2E-41CD-AEB1-A2993BED3E65}.Debug|Any CPU.ActiveCfg = Debug|x64
		{FC2531E2-DB2E-41CD-AEB1-A2993BED3E65}.Debug|Any CPU.Build.0 = Debug|x64
		{FC2531E2-DB2E-41CD-AEB1-A2993BED3E65}.Debug|x64.ActiveCfg = Debug|x64
		{FC2531E2-DB2E-41CD-AEB1-A2993BED3E65}.Debug|x64.Build.0 = Debug|x64
		{FC2531E2-DB2E-41CD-AEB1-A2993BED3E65}.Debug|x86.ActiveCfg = Debug|Win32
		{FC2531E2-DB2E-41CD-AEB1-A2993BED3E65}.Debug|x86.Build.0 = Debug|Win32
		{FC2531E2-DB2E-41CD-AEB1-A2993BED3E65}.Release|Any CPU.ActiveCfg = Release|x64
		{FC2531E2-DB2E-41CD-AEB1-A2993BED3E65}.Release|Any CPU.Build.0 = Release|x64
		{FC2531E2-DB2E-41CD-AEB1-A2993BED3E65}.Release|x64.ActiveCfg = Release|x64
		{FC2531E2-DB2E-41CD-AEB1-A2993BED3E65}.Release|x64.Build.0 = Release|x64
		{FC2531E2-DB2E-41CD-AEB1-A2993BED3E65}.Release|x86.ActiveCfg = Release|Win32
		{FC2531E2-DB2E-41CD-AEB1-A2993BED3E65}.Release|x86.Build.0 = Release|Win32
		{736D0BFB-3986-4F04-AEDE-37D21DC6AB56}.Debug|Any CPU.ActiveCfg = Debug|x64
		{736D0BFB-3986-4F04-AEDE-37D21DC6AB56}.Debug|Any CPU.Build.0 = Debug|x64
		{736D0BFB-3986-4F04-AEDE-37D21DC6AB56}.Debug|x64.ActiveCfg = Debug|x64
		{736D0BFB-3986-4F04-AEDE-37D21DC6AB56}.Debug|x64.Build.0 = Debug|x64
		{736D0BFB-3986-4F04-AEDE-37D21DC6AB56}.Debug|x86.ActiveCfg = Debug|Win32
		{736D0BFB-3986-4F04-AEDE-37D21DC6AB56}.Debug|x86.Build.0 = Debug|Win32
		{736D0BFB-3986-4F04-AEDE-37D21DC6AB56}.Release|Any CPU.ActiveCfg = Release|x64
		{736D0BFB-3986-4F04-AEDE-37D21DC6AB56}.Release|Any CPU.Build.0 = Release|x64
		{736D0BFB-3986-4F04-AEDE-37D21DC6AB56}.Release|x64.ActiveCfg = Release|x64
		{736D0BFB-3986-4F04-AEDE-37D21DC6AB56}.Release|x64.Build.0 = Release|x64
		{736D0BFB-3986-4F04-AEDE-37D21DC6AB56}.Release|x86.ActiveCfg = Release|Win32
		{736D0BFB-3986-4F04-AEDE-37D21DC6AB56}.Release|x86.Build.0 = Release|Win32
		{32C45125-12FF-42A5-A516-75520AEACB15}.Debug|Any CPU.ActiveCfg = Debug|x64
		{32C45125-12FF-42A5-A516-75520AEACB15}.Debug|Any CPU.Build.0 = Debug|x64
		{32C45125-12FF-42A5-A516-75520AEACB15}.Debug|x64.ActiveCfg = Debug|x64
		{32C45125-12FF-42A5-A516-75520AEACB15}.Debug|x64.Build.0 = Debug|x64
		{32C45125-12FF-42A5-A516-75520AEACB15}.Debug|x86.ActiveCfg = Debug|Win32
		{32C45125-12FF-42A5-A516-75520AEACB15}.Debug|x86.Build.0 = Debug|Win32
		{32C45125-12FF-42A5-A516-75520AEACB15}.Release|Any CPU.ActiveCfg = Release|x64
		{32C45125-12FF-42A5-A516-75520AEACB15}.Release|Any CPU.Build.0 = Release|x64
		{32C45125-12FF-42A5-A516-75520AEACB15}.Release|x64.ActiveCfg = Release|x64
		{32C45125-12FF-42A5-A516-75520AEACB15}.Release|x64.Build.0 = Release|x64
		{32C45125-12FF-42A5-A516-75520AEACB15}.Release|x86.ActiveCfg = Release|Win32
		{32C45125-12FF-42A5-A516-75520AEACB15}.Release|x86.Build.0 = Release|Win32
		{4B05B3F4-97E6-47CB-8FD4-CC8E08E70C28}.Debug|Any CPU.ActiveCfg = Debug|x64
		{4B05B3F4-97E6-47CB-8FD4-CC8E08E70C28}.Debug|Any CPU.Build.0 = Debug|x64
		{4B05B3F4-97E6-47CB-8FD4-CC8E08E70C28}.Debug|x64.ActiveCfg = Debug|x64
		{4B05B3F4-97E6-47CB-8FD4-CC8E08E70C28}.Debug|x64.Build.0 = Debug|x64
		{4B05B3F4-97E6-47CB-8FD4-CC8E08E70C28}.Debug|x86.ActiveCfg = Debug|Win32
		{4B05B3F4-97E6-47CB-8FD4-CC8E08E70C28}.Debug|x86.Build.0 = Debug|Win32
		{4B05B3F4-97E6-47CB-8FD4-CC8E08E70C28}.Release|Any CPU.ActiveCfg = Release|x64
		{4B05B3F4-97E6-47CB-8FD4-CC8E08E70C28}.Release|Any CPU.Build.0 = Release|x64
		{4B05B3F4-97E6-47CB-8FD4-CC8E08E70C28}.Release|x64.ActiveCfg = Release|x64
		{4B05B3F4-97E6-47CB-8FD4-CC8E08E70C28}.Release|x64.Build.0 = Release|x64
		{4B05B3F4-97E6-47CB-8FD4-CC8E08E70C28}.Release|x86.ActiveCfg = Release|Win32
		{4B05B3F4-97E6-47CB-8FD4-CC8E08E70C28}.Release|x86.Build.0 = Release|Win32
		{9C4CFF5A-03A9-488C-BA4E-0E0AFC5A75A1}.Debug|Any CPU.ActiveCfg = Debug|x64
		{9C4CFF5A-03A9-488C-BA4E-0E0AFC5A75A1}.Debug|Any CPU.Build.0 = Debug|x64
		{9C4CFF5A-03A9-488C-BA4E-0E0AFC5A75A1}.Debug|x64.ActiveCfg = Debug|x64
		{9C4CFF5A-03A9-488C-BA4E-0E0AFC5A75A1}.Debug|x64.Build.0 = Debug|x64
		{9C4CFF5A-03A9-488C-BA4E-0E0AFC5A75A1}.Debug|x86.ActiveCfg = Debug|Win32
		{9C4CFF5A-03A9-488C-BA4E-0E0AFC5A75A1}.Debug|x86.Build.0 = Debug|Win32
		{9C4CFF5A-03A9-488C-BA4E-0E0AFC5A75A1}.Release|Any CPU.ActiveCfg = Release|x64
		{9C4CFF5A-03A9-488C-BA4E-0E0AFC5A75A1}.Release|Any CPU.Build.0 = Release|x64
		{9C4CFF5A-03A9-488C-BA4E-0E0AFC5A75A1}.Release|x64.ActiveCfg = Release|x64
		{9C4CFF5A-03A9-488C-BA4E-0E0AFC5A75A1}.Release|x64.Build.0 = Release|x64
		{9C4CFF5A-03A9-488C-BA4E-0E0AFC5A75A1}.Release|x86.ActiveCfg = Release|Win32
		{9C4CFF5A-03A9-488C-BA4E-0E0AFC5A75A1}.Release|x86.Build.0 = Release|Win32
		{E7635623-AB70-4BC3-9C4D-5B7D10EF67E6}.Debug|Any CPU.ActiveCfg = Debug|Any CPU
		{E7635623-AB70-4BC3-9C4D-5B7D10EF67E6}.Debug|Any CPU.Build.0 = Debug|Any CPU
		{E7635623-AB70-4BC3-9C4D-5B7D10EF67E6}.Debug|x64.ActiveCfg = Debug|Any CPU
		{E7635623-AB70-4BC3-9C4D-5B7D10EF67E6}.Debug|x64.Build.0 = Debug|Any CPU
		{E7635623-AB70-4BC3-9C4D-5B7D10EF67E6}.Debug|x86.ActiveCfg = Debug|Any CPU
		{E7635623-AB70-4BC3-9C4D-5B7D10EF67E6}.Debug|x86.Build.0 = Debug|Any CPU
		{E7635623-AB70-4BC3-9C4D-5B7D10EF67E6}.Release|Any CPU.ActiveCfg = Release|Any CPU
		{E7635623-AB70-4BC3-9C4D-5B7D10EF67E6}.Release|Any CPU.Build.0 = Release|Any CPU
		{E7635623-AB70-4BC3-9C4D-5B7D10EF67E6}.Release|x64.ActiveCfg = Release|Any CPU
		{E7635623-AB70-4BC3-9C4D-5B7D10EF67E6}.Release|x64.Build.0 = Release|Any CPU
		{E7635623-AB70-4BC3-9C4D-5B7D10EF67E6}.Release|x86.ActiveCfg = Release|Any CPU
		{E7635623-AB70-4BC3-9C4D-5B7D10EF67E6}.Release|x86.Build.0 = Release|Any CPU
	EndGlobalSection
	GlobalSection(SolutionProperties) = preSolution
		HideSolutionNode = FALSE
	EndGlobalSection
	GlobalSection(ExtensibilityGlobals) = postSolution
		SolutionGuid = {7E478449-BDA3-4EE7-9212-028C9D26D58B}
	EndGlobalSection
EndGlobal
